
Microsoft Visual Studio Solution File, Format Version 12.00
# Visual Studio Version 17
VisualStudioVersion = 17.2.32516.85
MinimumVisualStudioVersion = 10.0.40219.1
Project("{FAE04EC0-301F-11D3-BF4B-00C04F79EFBC}") = "结构表操作_控制台", "结构表操作_控制台.csproj", "{FDD297C8-5E6A-44E3-A94E-2EF7572A4003}"
EndProject
Global
	GlobalSection(SolutionConfigurationPlatforms) = preSolution
		Debug|Any CPU = Debug|Any CPU
		Release|Any CPU = Release|Any CPU
	EndGlobalSection
	GlobalSection(ProjectConfigurationPlatforms) = postSolution
		{FDD297C8-5E6A-44E3-A94E-2EF7572A4003}.Debug|Any CPU.ActiveCfg = Debug|Any CPU
		{FDD297C8-5E6A-44E3-A94E-2EF7572A4003}.Debug|Any CPU.Build.0 = Debug|Any CPU
		{FDD297C8-5E6A-44E3-A94E-2EF7572A4003}.Release|Any CPU.ActiveCfg = Release|Any CPU
		{FDD297C8-5E6A-44E3-A94E-2EF7572A4003}.Release|Any CPU.Build.0 = Release|Any CPU
	EndGlobalSection
	GlobalSection(SolutionProperties) = preSolution
		HideSolutionNode = FALSE
	EndGlobalSection
	GlobalSection(ExtensibilityGlobals) = postSolution
		SolutionGuid = {DD47DA95-B5C4-44DA-B7D1-7F5D1156501F}
	EndGlobalSection
EndGlobal
