
Microsoft Visual Studio Solution File, Format Version 12.00
# Visual Studio Version 17
VisualStudioVersion = 17.2.32516.85
MinimumVisualStudioVersion = 10.0.40219.1
Project("{FAE04EC0-301F-11D3-BF4B-00C04F79EFBC}") = "数据表操作_控制台", "数据表操作_控制台.csproj", "{CF92D33C-EC2F-4C13-B6FE-3C94888E742A}"
EndProject
Global
	GlobalSection(SolutionConfigurationPlatforms) = preSolution
		Debug|Any CPU = Debug|Any CPU
		Release|Any CPU = Release|Any CPU
	EndGlobalSection
	GlobalSection(ProjectConfigurationPlatforms) = postSolution
		{CF92D33C-EC2F-4C13-B6FE-3C94888E742A}.Debug|Any CPU.ActiveCfg = Debug|Any CPU
		{CF92D33C-EC2F-4C13-B6FE-3C94888E742A}.Debug|Any CPU.Build.0 = Debug|Any CPU
		{CF92D33C-EC2F-4C13-B6FE-3C94888E742A}.Release|Any CPU.ActiveCfg = Release|Any CPU
		{CF92D33C-EC2F-4C13-B6FE-3C94888E742A}.Release|Any CPU.Build.0 = Release|Any CPU
	EndGlobalSection
	GlobalSection(SolutionProperties) = preSolution
		HideSolutionNode = FALSE
	EndGlobalSection
	GlobalSection(ExtensibilityGlobals) = postSolution
		SolutionGuid = {AA46C173-2E76-434B-99DC-6BF25BE40EFD}
	EndGlobalSection
EndGlobal
